
Microsoft Visual Studio Solution File, Format Version 12.00
# Visual Studio Version 17
VisualStudioVersion = 17.10.35201.131
MinimumVisualStudioVersion = 10.0.40219.1
Project("{FAE04EC0-301F-11D3-BF4B-00C04F79EFBC}") = "WebApplication1", "WebApplication1\WebApplication1.csproj", "{F721458A-CB18-45EC-B7E5-906E2E4A2D6E}"
EndProject
Global
	GlobalSection(SolutionConfigurationPlatforms) = preSolution
		Debug|Any CPU = Debug|Any CPU
		Release|Any CPU = Release|Any CPU
	EndGlobalSection
	GlobalSection(ProjectConfigurationPlatforms) = postSolution
		{F721458A-CB18-45EC-B7E5-906E2E4A2D6E}.Debug|Any CPU.ActiveCfg = Debug|Any CPU
		{F721458A-CB18-45EC-B7E5-906E2E4A2D6E}.Debug|Any CPU.Build.0 = Debug|Any CPU
		{F721458A-CB18-45EC-B7E5-906E2E4A2D6E}.Release|Any CPU.ActiveCfg = Release|Any CPU
		{F721458A-CB18-45EC-B7E5-906E2E4A2D6E}.Release|Any CPU.Build.0 = Release|Any CPU
	EndGlobalSection
	GlobalSection(SolutionProperties) = preSolution
		HideSolutionNode = FALSE
	EndGlobalSection
	GlobalSection(ExtensibilityGlobals) = postSolution
		SolutionGuid = {79657647-162C-4359-9A97-71B74AE91BAD}
	EndGlobalSection
EndGlobal
